// !$*UTF8*$!
{
	archiveVersion = 1;
	classes = {
	};
	objectVersion = 46;
	objects = {

/* Begin PBXBuildFile section */
		C861E2AA1C9A479B0079C463 /* BRLocationFinder.m in Sources */ = {isa = PBXBuildFile; fileRef = C861E2A81C9A479B0079C463 /* BRLocationFinder.m */; };
		C8CF8A411C91FB3B00AB6C2E /* main.m in Sources */ = {isa = PBXBuildFile; fileRef = C8CF8A401C91FB3B00AB6C2E /* main.m */; };
		C8CF8A441C91FB3B00AB6C2E /* AppDelegate.m in Sources */ = {isa = PBXBuildFile; fileRef = C8CF8A431C91FB3B00AB6C2E /* AppDelegate.m */; };
		C8CF8A471C91FB3B00AB6C2E /* ViewController.m in Sources */ = {isa = PBXBuildFile; fileRef = C8CF8A461C91FB3B00AB6C2E /* ViewController.m */; };
		C8CF8A4A1C91FB3B00AB6C2E /* Main.storyboard in Resources */ = {isa = PBXBuildFile; fileRef = C8CF8A481C91FB3B00AB6C2E /* Main.storyboard */; };
		C8CF8A4C1C91FB3B00AB6C2E /* Assets.xcassets in Resources */ = {isa = PBXBuildFile; fileRef = C8CF8A4B1C91FB3B00AB6C2E /* Assets.xcassets */; };
		C8CF8A4F1C91FB3B00AB6C2E /* LaunchScreen.storyboard in Resources */ = {isa = PBXBuildFile; fileRef = C8CF8A4D1C91FB3B00AB6C2E /* LaunchScreen.storyboard */; };
/* End PBXBuildFile section */

/* Begin PBXFileReference section */
		C861E2A71C9A479B0079C463 /* BRLocationFinder.h */ = {isa = PBXFileReference; fileEncoding = 4; lastKnownFileType = sourcecode.c.h; path = BRLocationFinder.h; sourceTree = "<group>"; };
		C861E2A81C9A479B0079C463 /* BRLocationFinder.m */ = {isa = PBXFileReference; fileEncoding = 4; lastKnownFileType = sourcecode.c.objc; path = BRLocationFinder.m; sourceTree = "<group>"; };
		C861E2A91C9A479B0079C463 /* BRLocationFinderDelegate.h */ = {isa = PBXFileReference; fileEncoding = 4; lastKnownFileType = sourcecode.c.h; path = BRLocationFinderDelegate.h; sourceTree = "<group>"; };
		C8CF8A3C1C91FB3B00AB6C2E /* BRShakeMe.app */ = {isa = PBXFileReference; explicitFileType = wrapper.application; includeInIndex = 0; path = BRShakeMe.app; sourceTree = BUILT_PRODUCTS_DIR; };
		C8CF8A401C91FB3B00AB6C2E /* main.m */ = {isa = PBXFileReference; lastKnownFileType = sourcecode.c.objc; path = main.m; sourceTree = "<group>"; };
		C8CF8A421C91FB3B00AB6C2E /* AppDelegate.h */ = {isa = PBXFileReference; lastKnownFileType = sourcecode.c.h; path = AppDelegate.h; sourceTree = "<group>"; };
		C8CF8A431C91FB3B00AB6C2E /* AppDelegate.m */ = {isa = PBXFileReference; lastKnownFileType = sourcecode.c.objc; path = AppDelegate.m; sourceTree = "<group>"; };
		C8CF8A451C91FB3B00AB6C2E /* ViewController.h */ = {isa = PBXFileReference; lastKnownFileType = sourcecode.c.h; path = ViewController.h; sourceTree = "<group>"; };
		C8CF8A461C91FB3B00AB6C2E /* ViewController.m */ = {isa = PBXFileReference; lastKnownFileType = sourcecode.c.objc; path = ViewController.m; sourceTree = "<group>"; };
		C8CF8A491C91FB3B00AB6C2E /* Base */ = {isa = PBXFileReference; lastKnownFileType = file.storyboard; name = Base; path = Base.lproj/Main.storyboard; sourceTree = "<group>"; };
		C8CF8A4B1C91FB3B00AB6C2E /* Assets.xcassets */ = {isa = PBXFileReference; lastKnownFileType = folder.assetcatalog; path = Assets.xcassets; sourceTree = "<group>"; };
		C8CF8A4E1C91FB3B00AB6C2E /* Base */ = {isa = PBXFileReference; lastKnownFileType = file.storyboard; name = Base; path = Base.lproj/LaunchScreen.storyboard; sourceTree = "<group>"; };
		C8CF8A501C91FB3B00AB6C2E /* Info.plist */ = {isa = PBXFileReference; lastKnownFileType = text.plist.xml; path = Info.plist; sourceTree = "<group>"; };
/* End PBXFileReference section */

/* Begin PBXFrameworksBuildPhase section */
		C8CF8A391C91FB3B00AB6C2E /* Frameworks */ = {
			isa = PBXFrameworksBuildPhase;
			buildActionMask = 2147483647;
			files = (
			);
			runOnlyForDeploymentPostprocessing = 0;
		};
/* End PBXFrameworksBuildPhase section */

/* Begin PBXGroup section */
		C8CF8A331C91FB3B00AB6C2E = {
			isa = PBXGroup;
			children = (
				C8CF8A3E1C91FB3B00AB6C2E /* ShakeMe */,
				C8CF8A3D1C91FB3B00AB6C2E /* Products */,
			);
			sourceTree = "<group>";
		};
		C8CF8A3D1C91FB3B00AB6C2E /* Products */ = {
			isa = PBXGroup;
			children = (
				C8CF8A3C1C91FB3B00AB6C2E /* BRShakeMe.app */,
			);
			name = Products;
			sourceTree = "<group>";
		};
		C8CF8A3E1C91FB3B00AB6C2E /* ShakeMe */ = {
			isa = PBXGroup;
			children = (
				C861E2A71C9A479B0079C463 /* BRLocationFinder.h */,
				C861E2A81C9A479B0079C463 /* BRLocationFinder.m */,
				C861E2A91C9A479B0079C463 /* BRLocationFinderDelegate.h */,
				C8CF8A421C91FB3B00AB6C2E /* AppDelegate.h */,
				C8CF8A431C91FB3B00AB6C2E /* AppDelegate.m */,
				C8CF8A451C91FB3B00AB6C2E /* ViewController.h */,
				C8CF8A461C91FB3B00AB6C2E /* ViewController.m */,
				C8CF8A481C91FB3B00AB6C2E /* Main.storyboard */,
				C8CF8A4B1C91FB3B00AB6C2E /* Assets.xcassets */,
				C8CF8A4D1C91FB3B00AB6C2E /* LaunchScreen.storyboard */,
				C8CF8A501C91FB3B00AB6C2E /* Info.plist */,
				C8CF8A3F1C91FB3B00AB6C2E /* Supporting Files */,
			);
			name = ShakeMe;
			path = ShakeMeHard;
			sourceTree = "<group>";
		};
		C8CF8A3F1C91FB3B00AB6C2E /* Supporting Files */ = {
			isa = PBXGroup;
			children = (
				C8CF8A401C91FB3B00AB6C2E /* main.m */,
			);
			name = "Supporting Files";
			sourceTree = "<group>";
		};
/* End PBXGroup section */

/* Begin PBXNativeTarget section */
		C8CF8A3B1C91FB3B00AB6C2E /* BRShakeMe */ = {
			isa = PBXNativeTarget;
			buildConfigurationList = C8CF8A691C91FB3B00AB6C2E /* Build configuration list for PBXNativeTarget "BRShakeMe" */;
			buildPhases = (
				C8CF8A381C91FB3B00AB6C2E /* Sources */,
				C8CF8A391C91FB3B00AB6C2E /* Frameworks */,
				C8CF8A3A1C91FB3B00AB6C2E /* Resources */,
			);
			buildRules = (
			);
			dependencies = (
			);
			name = BRShakeMe;
			productName = ShakeMeHard;
			productReference = C8CF8A3C1C91FB3B00AB6C2E /* BRShakeMe.app */;
			productType = "com.apple.product-type.application";
		};
/* End PBXNativeTarget section */

/* Begin PBXProject section */
		C8CF8A341C91FB3B00AB6C2E /* Project object */ = {
			isa = PBXProject;
			attributes = {
				LastUpgradeCheck = 0720;
				ORGANIZATIONNAME = "Blue Rocket";
				TargetAttributes = {
					C8CF8A3B1C91FB3B00AB6C2E = {
						CreatedOnToolsVersion = 7.2.1;
						DevelopmentTeam = L6T8QV3DHS;
						SystemCapabilities = {
							com.apple.BackgroundModes = {
								enabled = 1;
							};
						};
					};
				};
			};
			buildConfigurationList = C8CF8A371C91FB3B00AB6C2E /* Build configuration list for PBXProject "BRShakeMe" */;
			compatibilityVersion = "Xcode 3.2";
			developmentRegion = English;
			hasScannedForEncodings = 0;
			knownRegions = (
				en,
				Base,
			);
			mainGroup = C8CF8A331C91FB3B00AB6C2E;
			productRefGroup = C8CF8A3D1C91FB3B00AB6C2E /* Products */;
			projectDirPath = "";
			projectRoot = "";
			targets = (
				C8CF8A3B1C91FB3B00AB6C2E /* BRShakeMe */,
			);
		};
/* End PBXProject section */

/* Begin PBXResourcesBuildPhase section */
		C8CF8A3A1C91FB3B00AB6C2E /* Resources */ = {
			isa = PBXResourcesBuildPhase;
			buildActionMask = 2147483647;
			files = (
				C8CF8A4F1C91FB3B00AB6C2E /* LaunchScreen.storyboard in Resources */,
				C8CF8A4C1C91FB3B00AB6C2E /* Assets.xcassets in Resources */,
				C8CF8A4A1C91FB3B00AB6C2E /* Main.storyboard in Resources */,
			);
			runOnlyForDeploymentPostprocessing = 0;
		};
/* End PBXResourcesBuildPhase section */

/* Begin PBXSourcesBuildPhase section */
		C8CF8A381C91FB3B00AB6C2E /* Sources */ = {
			isa = PBXSourcesBuildPhase;
			buildActionMask = 2147483647;
			files = (
				C8CF8A471C91FB3B00AB6C2E /* ViewController.m in Sources */,
				C8CF8A441C91FB3B00AB6C2E /* AppDelegate.m in Sources */,
				C861E2AA1C9A479B0079C463 /* BRLocationFinder.m in Sources */,
				C8CF8A411C91FB3B00AB6C2E /* main.m in Sources */,
			);
			runOnlyForDeploymentPostprocessing = 0;
		};
/* End PBXSourcesBuildPhase section */

/* Begin PBXVariantGroup section */
		C8CF8A481C91FB3B00AB6C2E /* Main.storyboard */ = {
			isa = PBXVariantGroup;
			children = (
				C8CF8A491C91FB3B00AB6C2E /* Base */,
			);
			name = Main.storyboard;
			sourceTree = "<group>";
		};
		C8CF8A4D1C91FB3B00AB6C2E /* LaunchScreen.storyboard */ = {
			isa = PBXVariantGroup;
			children = (
				C8CF8A4E1C91FB3B00AB6C2E /* Base */,
			);
			name = LaunchScreen.storyboard;
			sourceTree = "<group>";
		};
/* End PBXVariantGroup section */

/* Begin XCBuildConfiguration section */
		C8CF8A671C91FB3B00AB6C2E /* Debug */ = {
			isa = XCBuildConfiguration;
			buildSettings = {
				ALWAYS_SEARCH_USER_PATHS = NO;
				CLANG_CXX_LANGUAGE_STANDARD = "gnu++0x";
				CLANG_CXX_LIBRARY = "libc++";
				CLANG_ENABLE_MODULES = YES;
				CLANG_ENABLE_OBJC_ARC = YES;
				CLANG_WARN_BOOL_CONVERSION = YES;
				CLANG_WARN_CONSTANT_CONVERSION = YES;
				CLANG_WARN_DIRECT_OBJC_ISA_USAGE = YES_ERROR;
				CLANG_WARN_EMPTY_BODY = YES;
				CLANG_WARN_ENUM_CONVERSION = YES;
				CLANG_WARN_INT_CONVERSION = YES;
				CLANG_WARN_OBJC_ROOT_CLASS = YES_ERROR;
				CLANG_WARN_UNREACHABLE_CODE = YES;
				CLANG_WARN__DUPLICATE_METHOD_MATCH = YES;
				"CODE_SIGN_IDENTITY[sdk=iphoneos*]" = "iPhone Developer";
				COPY_PHASE_STRIP = NO;
				DEBUG_INFORMATION_FORMAT = dwarf;
				ENABLE_STRICT_OBJC_MSGSEND = YES;
				ENABLE_TESTABILITY = YES;
				GCC_C_LANGUAGE_STANDARD = gnu99;
				GCC_DYNAMIC_NO_PIC = NO;
				GCC_NO_COMMON_BLOCKS = YES;
				GCC_OPTIMIZATION_LEVEL = 0;
				GCC_PREPROCESSOR_DEFINITIONS = (
					"DEBUG=1",
					"$(inherited)",
				);
				GCC_WARN_64_TO_32_BIT_CONVERSION = YES;
				GCC_WARN_ABOUT_RETURN_TYPE = YES_ERROR;
				GCC_WARN_UNDECLARED_SELECTOR = YES;
				GCC_WARN_UNINITIALIZED_AUTOS = YES_AGGRESSIVE;
				GCC_WARN_UNUSED_FUNCTION = YES;
				GCC_WARN_UNUSED_VARIABLE = YES;
				IPHONEOS_DEPLOYMENT_TARGET = 9.2;
				MTL_ENABLE_DEBUG_INFO = YES;
				ONLY_ACTIVE_ARCH = YES;
				SDKROOT = iphoneos;
				TARGETED_DEVICE_FAMILY = "1,2";
			};
			name = Debug;
		};
		C8CF8A681C91FB3B00AB6C2E /* Release */ = {
			isa = XCBuildConfiguration;
			buildSettings = {
				ALWAYS_SEARCH_USER_PATHS = NO;
				CLANG_CXX_LANGUAGE_STANDARD = "gnu++0x";
				CLANG_CXX_LIBRARY = "libc++";
				CLANG_ENABLE_MODULES = YES;
				CLANG_ENABLE_OBJC_ARC = YES;
				CLANG_WARN_BOOL_CONVERSION = YES;
				CLANG_WARN_CONSTANT_CONVERSION = YES;
				CLANG_WARN_DIRECT_OBJC_ISA_USAGE = YES_ERROR;
				CLANG_WARN_EMPTY_BODY = YES;
				CLANG_WARN_ENUM_CONVERSION = YES;
				CLANG_WARN_INT_CONVERSION = YES;
				CLANG_WARN_OBJC_ROOT_CLASS = YES_ERROR;
				CLANG_WARN_UNREACHABLE_CODE = YES;
				CLANG_WARN__DUPLICATE_METHOD_MATCH = YES;
				"CODE_SIGN_IDENTITY[sdk=iphoneos*]" = "iPhone Developer";
				COPY_PHASE_STRIP = NO;
				DEBUG_INFORMATION_FORMAT = "dwarf-with-dsym";
				ENABLE_NS_ASSERTIONS = NO;
				ENABLE_STRICT_OBJC_MSGSEND = YES;
				GCC_C_LANGUAGE_STANDARD = gnu99;
				GCC_NO_COMMON_BLOCKS = YES;
				GCC_WARN_64_TO_32_BIT_CONVERSION = YES;
				GCC_WARN_ABOUT_RETURN_TYPE = YES_ERROR;
				GCC_WARN_UNDECLARED_SELECTOR = YES;
				GCC_WARN_UNINITIALIZED_AUTOS = YES_AGGRESSIVE;
				GCC_WARN_UNUSED_FUNCTION = YES;
				GCC_WARN_UNUSED_VARIABLE = YES;
				IPHONEOS_DEPLOYMENT_TARGET = 9.2;
				MTL_ENABLE_DEBUG_INFO = NO;
				SDKROOT = iphoneos;
				TARGETED_DEVICE_FAMILY = "1,2";
				VALIDATE_PRODUCT = YES;
			};
			name = Release;
		};
		C8CF8A6A1C91FB3B00AB6C2E /* Debug */ = {
			isa = XCBuildConfiguration;
			buildSettings = {
				ASSETCATALOG_COMPILER_APPICON_NAME = AppIcon;
				CODE_SIGN_IDENTITY = "iPhone Developer";
				"CODE_SIGN_IDENTITY[sdk=iphoneos*]" = "iPhone Developer";
				INFOPLIST_FILE = ShakeMeHard/Info.plist;
				LD_RUNPATH_SEARCH_PATHS = "$(inherited) @executable_path/Frameworks";
				PRODUCT_BUNDLE_IDENTIFIER = "Blue-Rocket.ShakeMe";
				PRODUCT_NAME = BRShakeMe;
				PROVISIONING_PROFILE = "";
			};
			name = Debug;
		};
		C8CF8A6B1C91FB3B00AB6C2E /* Release */ = {
			isa = XCBuildConfiguration;
			buildSettings = {
				ASSETCATALOG_COMPILER_APPICON_NAME = AppIcon;
				CODE_SIGN_IDENTITY = "iPhone Developer";
				"CODE_SIGN_IDENTITY[sdk=iphoneos*]" = "iPhone Developer";
				INFOPLIST_FILE = ShakeMeHard/Info.plist;
				LD_RUNPATH_SEARCH_PATHS = "$(inherited) @executable_path/Frameworks";
				PRODUCT_BUNDLE_IDENTIFIER = "Blue-Rocket.ShakeMe";
				PRODUCT_NAME = BRShakeMe;
				PROVISIONING_PROFILE = "";
			};
			name = Release;
		};
/* End XCBuildConfiguration section */

/* Begin XCConfigurationList section */
		C8CF8A371C91FB3B00AB6C2E /* Build configuration list for PBXProject "BRShakeMe" */ = {
			isa = XCConfigurationList;
			buildConfigurations = (
				C8CF8A671C91FB3B00AB6C2E /* Debug */,
				C8CF8A681C91FB3B00AB6C2E /* Release */,
			);
			defaultConfigurationIsVisible = 0;
			defaultConfigurationName = Release;
		};
		C8CF8A691C91FB3B00AB6C2E /* Build configuration list for PBXNativeTarget "BRShakeMe" */ = {
			isa = XCConfigurationList;
			buildConfigurations = (
				C8CF8A6A1C91FB3B00AB6C2E /* Debug */,
				C8CF8A6B1C91FB3B00AB6C2E /* Release */,
			);
			defaultConfigurationIsVisible = 0;
			defaultConfigurationName = Release;
		};
/* End XCConfigurationList section */
	};
	rootObject = C8CF8A341C91FB3B00AB6C2E /* Project object */;
}
